// !$*UTF8*$!
{
	archiveVersion = 1;
	classes = {
	};
	objectVersion = 77;
	objects = {

/* Begin PBXBuildFile section */
		11E7146C2D0232A900312C8A /* SwiftSoup in Frameworks */ = {isa = PBXBuildFile; productRef = 11E7146B2D0232A900312C8A /* SwiftSoup */; };
/* End PBXBuildFile section */

/* Begin PBXContainerItemProxy section */
		11E714022CF9FE0400312C8A /* PBXContainerItemProxy */ = {
			isa = PBXContainerItemProxy;
			containerPortal = 11E713E62CF9FE0300312C8A /* Project object */;
			proxyType = 1;
			remoteGlobalIDString = 11E713ED2CF9FE0300312C8A;
			remoteInfo = HackStack;
		};
		11E7140C2CF9FE0400312C8A /* PBXContainerItemProxy */ = {
			isa = PBXContainerItemProxy;
			containerPortal = 11E713E62CF9FE0300312C8A /* Project object */;
			proxyType = 1;
			remoteGlobalIDString = 11E713ED2CF9FE0300312C8A;
			remoteInfo = HackStack;
		};
/* End PBXContainerItemProxy section */

/* Begin PBXFileReference section */
		11E713EE2CF9FE0300312C8A /* HackStack.app */ = {isa = PBXFileReference; explicitFileType = wrapper.application; includeInIndex = 0; path = HackStack.app; sourceTree = BUILT_PRODUCTS_DIR; };
		11E714012CF9FE0400312C8A /* HackStackTests.xctest */ = {isa = PBXFileReference; explicitFileType = wrapper.cfbundle; includeInIndex = 0; path = HackStackTests.xctest; sourceTree = BUILT_PRODUCTS_DIR; };
		11E7140B2CF9FE0400312C8A /* HackStackUITests.xctest */ = {isa = PBXFileReference; explicitFileType = wrapper.cfbundle; includeInIndex = 0; path = HackStackUITests.xctest; sourceTree = BUILT_PRODUCTS_DIR; };
/* End PBXFileReference section */

/* Begin PBXFileSystemSynchronizedRootGroup section */
		11E713F02CF9FE0300312C8A /* HackStack */ = {
			isa = PBXFileSystemSynchronizedRootGroup;
			path = HackStack;
			sourceTree = "<group>";
		};
		11E714042CF9FE0400312C8A /* HackStackTests */ = {
			isa = PBXFileSystemSynchronizedRootGroup;
			path = HackStackTests;
			sourceTree = "<group>";
		};
		11E7140E2CF9FE0400312C8A /* HackStackUITests */ = {
			isa = PBXFileSystemSynchronizedRootGroup;
			path = HackStackUITests;
			sourceTree = "<group>";
		};
/* End PBXFileSystemSynchronizedRootGroup section */

/* Begin PBXFrameworksBuildPhase section */
		11E713EB2CF9FE0300312C8A /* Frameworks */ = {
			isa = PBXFrameworksBuildPhase;
			buildActionMask = 2147483647;
			files = (
				11E7146C2D0232A900312C8A /* SwiftSoup in Frameworks */,
			);
			runOnlyForDeploymentPostprocessing = 0;
		};
		11E713FE2CF9FE0400312C8A /* Frameworks */ = {
			isa = PBXFrameworksBuildPhase;
			buildActionMask = 2147483647;
			files = (
			);
			runOnlyForDeploymentPostprocessing = 0;
		};
		11E714082CF9FE0400312C8A /* Frameworks */ = {
			isa = PBXFrameworksBuildPhase;
			buildActionMask = 2147483647;
			files = (
			);
			runOnlyForDeploymentPostprocessing = 0;
		};
/* End PBXFrameworksBuildPhase section */

/* Begin PBXGroup section */
		11E713E52CF9FE0300312C8A = {
			isa = PBXGroup;
			children = (
				11E713F02CF9FE0300312C8A /* HackStack */,
				11E714042CF9FE0400312C8A /* HackStackTests */,
				11E7140E2CF9FE0400312C8A /* HackStackUITests */,
				11E713EF2CF9FE0300312C8A /* Products */,
			);
			sourceTree = "<group>";
		};
		11E713EF2CF9FE0300312C8A /* Products */ = {
			isa = PBXGroup;
			children = (
				11E713EE2CF9FE0300312C8A /* HackStack.app */,
				11E714012CF9FE0400312C8A /* HackStackTests.xctest */,
				11E7140B2CF9FE0400312C8A /* HackStackUITests.xctest */,
			);
			name = Products;
			sourceTree = "<group>";
		};
/* End PBXGroup section */

/* Begin PBXNativeTarget section */
		11E713ED2CF9FE0300312C8A /* HackStack */ = {
			isa = PBXNativeTarget;
			buildConfigurationList = 11E714152CF9FE0400312C8A /* Build configuration list for PBXNativeTarget "HackStack" */;
			buildPhases = (
				11E713EA2CF9FE0300312C8A /* Sources */,
				11E713EB2CF9FE0300312C8A /* Frameworks */,
				11E713EC2CF9FE0300312C8A /* Resources */,
			);
			buildRules = (
			);
			dependencies = (
			);
			fileSystemSynchronizedGroups = (
				11E713F02CF9FE0300312C8A /* HackStack */,
			);
			name = HackStack;
			packageProductDependencies = (
				11E7146B2D0232A900312C8A /* SwiftSoup */,
			);
			productName = HackStack;
			productReference = 11E713EE2CF9FE0300312C8A /* HackStack.app */;
			productType = "com.apple.product-type.application";
		};
		11E714002CF9FE0400312C8A /* HackStackTests */ = {
			isa = PBXNativeTarget;
			buildConfigurationList = 11E714182CF9FE0400312C8A /* Build configuration list for PBXNativeTarget "HackStackTests" */;
			buildPhases = (
				11E713FD2CF9FE0400312C8A /* Sources */,
				11E713FE2CF9FE0400312C8A /* Frameworks */,
				11E713FF2CF9FE0400312C8A /* Resources */,
			);
			buildRules = (
			);
			dependencies = (
				11E714032CF9FE0400312C8A /* PBXTargetDependency */,
			);
			fileSystemSynchronizedGroups = (
				11E714042CF9FE0400312C8A /* HackStackTests */,
			);
			name = HackStackTests;
			packageProductDependencies = (
			);
			productName = HackStackTests;
			productReference = 11E714012CF9FE0400312C8A /* HackStackTests.xctest */;
			productType = "com.apple.product-type.bundle.unit-test";
		};
		11E7140A2CF9FE0400312C8A /* HackStackUITests */ = {
			isa = PBXNativeTarget;
			buildConfigurationList = 11E7141B2CF9FE0400312C8A /* Build configuration list for PBXNativeTarget "HackStackUITests" */;
			buildPhases = (
				11E714072CF9FE0400312C8A /* Sources */,
				11E714082CF9FE0400312C8A /* Frameworks */,
				11E714092CF9FE0400312C8A /* Resources */,
			);
			buildRules = (
			);
			dependencies = (
				11E7140D2CF9FE0400312C8A /* PBXTargetDependency */,
			);
			fileSystemSynchronizedGroups = (
				11E7140E2CF9FE0400312C8A /* HackStackUITests */,
			);
			name = HackStackUITests;
			packageProductDependencies = (
			);
			productName = HackStackUITests;
			productReference = 11E7140B2CF9FE0400312C8A /* HackStackUITests.xctest */;
			productType = "com.apple.product-type.bundle.ui-testing";
		};
/* End PBXNativeTarget section */

/* Begin PBXProject section */
		11E713E62CF9FE0300312C8A /* Project object */ = {
			isa = PBXProject;
			attributes = {
				BuildIndependentTargetsInParallel = 1;
				LastSwiftUpdateCheck = 1610;
				LastUpgradeCheck = 1620;
				TargetAttributes = {
					11E713ED2CF9FE0300312C8A = {
						CreatedOnToolsVersion = 16.1;
					};
					11E714002CF9FE0400312C8A = {
						CreatedOnToolsVersion = 16.1;
						TestTargetID = 11E713ED2CF9FE0300312C8A;
					};
					11E7140A2CF9FE0400312C8A = {
						CreatedOnToolsVersion = 16.1;
						TestTargetID = 11E713ED2CF9FE0300312C8A;
					};
				};
			};
			buildConfigurationList = 11E713E92CF9FE0300312C8A /* Build configuration list for PBXProject "HackStack" */;
			developmentRegion = en;
			hasScannedForEncodings = 0;
			knownRegions = (
				en,
				Base,
			);
			mainGroup = 11E713E52CF9FE0300312C8A;
			minimizedProjectReferenceProxies = 1;
			packageReferences = (
				11E714682D02308A00312C8A /* XCRemoteSwiftPackageReference "SwiftSoup" */,
			);
			preferredProjectObjectVersion = 77;
			productRefGroup = 11E713EF2CF9FE0300312C8A /* Products */;
			projectDirPath = "";
			projectRoot = "";
			targets = (
				11E713ED2CF9FE0300312C8A /* HackStack */,
				11E714002CF9FE0400312C8A /* HackStackTests */,
				11E7140A2CF9FE0400312C8A /* HackStackUITests */,
			);
		};
/* End PBXProject section */

/* Begin PBXResourcesBuildPhase section */
		11E713EC2CF9FE0300312C8A /* Resources */ = {
			isa = PBXResourcesBuildPhase;
			buildActionMask = 2147483647;
			files = (
			);
			runOnlyForDeploymentPostprocessing = 0;
		};
		11E713FF2CF9FE0400312C8A /* Resources */ = {
			isa = PBXResourcesBuildPhase;
			buildActionMask = 2147483647;
			files = (
			);
			runOnlyForDeploymentPostprocessing = 0;
		};
		11E714092CF9FE0400312C8A /* Resources */ = {
			isa = PBXResourcesBuildPhase;
			buildActionMask = 2147483647;
			files = (
			);
			runOnlyForDeploymentPostprocessing = 0;
		};
/* End PBXResourcesBuildPhase section */

/* Begin PBXSourcesBuildPhase section */
		11E713EA2CF9FE0300312C8A /* Sources */ = {
			isa = PBXSourcesBuildPhase;
			buildActionMask = 2147483647;
			files = (
			);
			runOnlyForDeploymentPostprocessing = 0;
		};
		11E713FD2CF9FE0400312C8A /* Sources */ = {
			isa = PBXSourcesBuildPhase;
			buildActionMask = 2147483647;
			files = (
			);
			runOnlyForDeploymentPostprocessing = 0;
		};
		11E714072CF9FE0400312C8A /* Sources */ = {
			isa = PBXSourcesBuildPhase;
			buildActionMask = 2147483647;
			files = (
			);
			runOnlyForDeploymentPostprocessing = 0;
		};
/* End PBXSourcesBuildPhase section */

/* Begin PBXTargetDependency section */
		11E714032CF9FE0400312C8A /* PBXTargetDependency */ = {
			isa = PBXTargetDependency;
			target = 11E713ED2CF9FE0300312C8A /* HackStack */;
			targetProxy = 11E714022CF9FE0400312C8A /* PBXContainerItemProxy */;
		};
		11E7140D2CF9FE0400312C8A /* PBXTargetDependency */ = {
			isa = PBXTargetDependency;
			target = 11E713ED2CF9FE0300312C8A /* HackStack */;
			targetProxy = 11E7140C2CF9FE0400312C8A /* PBXContainerItemProxy */;
		};
/* End PBXTargetDependency section */

/* Begin XCBuildConfiguration section */
		11E714132CF9FE0400312C8A /* Debug */ = {
			isa = XCBuildConfiguration;
			buildSettings = {
				ALWAYS_SEARCH_USER_PATHS = NO;
				ASSETCATALOG_COMPILER_GENERATE_SWIFT_ASSET_SYMBOL_EXTENSIONS = YES;
				CLANG_ANALYZER_NONNULL = YES;
				CLANG_ANALYZER_NUMBER_OBJECT_CONVERSION = YES_AGGRESSIVE;
				CLANG_CXX_LANGUAGE_STANDARD = "gnu++20";
				CLANG_ENABLE_MODULES = YES;
				CLANG_ENABLE_OBJC_ARC = YES;
				CLANG_ENABLE_OBJC_WEAK = YES;
				CLANG_WARN_BLOCK_CAPTURE_AUTORELEASING = YES;
				CLANG_WARN_BOOL_CONVERSION = YES;
				CLANG_WARN_COMMA = YES;
				CLANG_WARN_CONSTANT_CONVERSION = YES;
				CLANG_WARN_DEPRECATED_OBJC_IMPLEMENTATIONS = YES;
				CLANG_WARN_DIRECT_OBJC_ISA_USAGE = YES_ERROR;
				CLANG_WARN_DOCUMENTATION_COMMENTS = YES;
				CLANG_WARN_EMPTY_BODY = YES;
				CLANG_WARN_ENUM_CONVERSION = YES;
				CLANG_WARN_INFINITE_RECURSION = YES;
				CLANG_WARN_INT_CONVERSION = YES;
				CLANG_WARN_NON_LITERAL_NULL_CONVERSION = YES;
				CLANG_WARN_OBJC_IMPLICIT_RETAIN_SELF = YES;
				CLANG_WARN_OBJC_LITERAL_CONVERSION = YES;
				CLANG_WARN_OBJC_ROOT_CLASS = YES_ERROR;
				CLANG_WARN_QUOTED_INCLUDE_IN_FRAMEWORK_HEADER = YES;
				CLANG_WARN_RANGE_LOOP_ANALYSIS = YES;
				CLANG_WARN_STRICT_PROTOTYPES = YES;
				CLANG_WARN_SUSPICIOUS_MOVE = YES;
				CLANG_WARN_UNGUARDED_AVAILABILITY = YES_AGGRESSIVE;
				CLANG_WARN_UNREACHABLE_CODE = YES;
				CLANG_WARN__DUPLICATE_METHOD_MATCH = YES;
				COPY_PHASE_STRIP = NO;
				DEAD_CODE_STRIPPING = YES;
				DEBUG_INFORMATION_FORMAT = dwarf;
				ENABLE_STRICT_OBJC_MSGSEND = YES;
				ENABLE_TESTABILITY = YES;
				ENABLE_USER_SCRIPT_SANDBOXING = YES;
				GCC_C_LANGUAGE_STANDARD = gnu17;
				GCC_DYNAMIC_NO_PIC = NO;
				GCC_NO_COMMON_BLOCKS = YES;
				GCC_OPTIMIZATION_LEVEL = 0;
				GCC_PREPROCESSOR_DEFINITIONS = (
					"DEBUG=1",
					"$(inherited)",
				);
				GCC_WARN_64_TO_32_BIT_CONVERSION = YES;
				GCC_WARN_ABOUT_RETURN_TYPE = YES_ERROR;
				GCC_WARN_UNDECLARED_SELECTOR = YES;
				GCC_WARN_UNINITIALIZED_AUTOS = YES_AGGRESSIVE;
				GCC_WARN_UNUSED_FUNCTION = YES;
				GCC_WARN_UNUSED_VARIABLE = YES;
				LOCALIZATION_PREFERS_STRING_CATALOGS = YES;
				MACOSX_DEPLOYMENT_TARGET = 15.1;
				MTL_ENABLE_DEBUG_INFO = INCLUDE_SOURCE;
				MTL_FAST_MATH = YES;
				ONLY_ACTIVE_ARCH = YES;
				SDKROOT = macosx;
				SWIFT_ACTIVE_COMPILATION_CONDITIONS = "DEBUG $(inherited)";
				SWIFT_OPTIMIZATION_LEVEL = "-Onone";
			};
			name = Debug;
		};
		11E714142CF9FE0400312C8A /* Release */ = {
			isa = XCBuildConfiguration;
			buildSettings = {
				ALWAYS_SEARCH_USER_PATHS = NO;
				ASSETCATALOG_COMPILER_GENERATE_SWIFT_ASSET_SYMBOL_EXTENSIONS = YES;
				CLANG_ANALYZER_NONNULL = YES;
				CLANG_ANALYZER_NUMBER_OBJECT_CONVERSION = YES_AGGRESSIVE;
				CLANG_CXX_LANGUAGE_STANDARD = "gnu++20";
				CLANG_ENABLE_MODULES = YES;
				CLANG_ENABLE_OBJC_ARC = YES;
				CLANG_ENABLE_OBJC_WEAK = YES;
				CLANG_WARN_BLOCK_CAPTURE_AUTORELEASING = YES;
				CLANG_WARN_BOOL_CONVERSION = YES;
				CLANG_WARN_COMMA = YES;
				CLANG_WARN_CONSTANT_CONVERSION = YES;
				CLANG_WARN_DEPRECATED_OBJC_IMPLEMENTATIONS = YES;
				CLANG_WARN_DIRECT_OBJC_ISA_USAGE = YES_ERROR;
				CLANG_WARN_DOCUMENTATION_COMMENTS = YES;
				CLANG_WARN_EMPTY_BODY = YES;
				CLANG_WARN_ENUM_CONVERSION = YES;
				CLANG_WARN_INFINITE_RECURSION = YES;
				CLANG_WARN_INT_CONVERSION = YES;
				CLANG_WARN_NON_LITERAL_NULL_CONVERSION = YES;
				CLANG_WARN_OBJC_IMPLICIT_RETAIN_SELF = YES;
				CLANG_WARN_OBJC_LITERAL_CONVERSION = YES;
				CLANG_WARN_OBJC_ROOT_CLASS = YES_ERROR;
				CLANG_WARN_QUOTED_INCLUDE_IN_FRAMEWORK_HEADER = YES;
				CLANG_WARN_RANGE_LOOP_ANALYSIS = YES;
				CLANG_WARN_STRICT_PROTOTYPES = YES;
				CLANG_WARN_SUSPICIOUS_MOVE = YES;
				CLANG_WARN_UNGUARDED_AVAILABILITY = YES_AGGRESSIVE;
				CLANG_WARN_UNREACHABLE_CODE = YES;
				CLANG_WARN__DUPLICATE_METHOD_MATCH = YES;
				COPY_PHASE_STRIP = NO;
				DEAD_CODE_STRIPPING = YES;
				DEBUG_INFORMATION_FORMAT = "dwarf-with-dsym";
				ENABLE_NS_ASSERTIONS = NO;
				ENABLE_STRICT_OBJC_MSGSEND = YES;
				ENABLE_USER_SCRIPT_SANDBOXING = YES;
				GCC_C_LANGUAGE_STANDARD = gnu17;
				GCC_NO_COMMON_BLOCKS = YES;
				GCC_WARN_64_TO_32_BIT_CONVERSION = YES;
				GCC_WARN_ABOUT_RETURN_TYPE = YES_ERROR;
				GCC_WARN_UNDECLARED_SELECTOR = YES;
				GCC_WARN_UNINITIALIZED_AUTOS = YES_AGGRESSIVE;
				GCC_WARN_UNUSED_FUNCTION = YES;
				GCC_WARN_UNUSED_VARIABLE = YES;
				LOCALIZATION_PREFERS_STRING_CATALOGS = YES;
				MACOSX_DEPLOYMENT_TARGET = 15.1;
				MTL_ENABLE_DEBUG_INFO = NO;
				MTL_FAST_MATH = YES;
				SDKROOT = macosx;
				SWIFT_COMPILATION_MODE = wholemodule;
			};
			name = Release;
		};
		11E714162CF9FE0400312C8A /* Debug */ = {
			isa = XCBuildConfiguration;
			buildSettings = {
				ASSETCATALOG_COMPILER_APPICON_NAME = AppIcon;
				ASSETCATALOG_COMPILER_GLOBAL_ACCENT_COLOR_NAME = AccentColor;
				CODE_SIGN_ENTITLEMENTS = HackStack/HackStack.entitlements;
				"CODE_SIGN_IDENTITY[sdk=macosx*]" = "Apple Development";
				CODE_SIGN_STYLE = Automatic;
				COMBINE_HIDPI_IMAGES = YES;
				CURRENT_PROJECT_VERSION = 20250115002;
				DEAD_CODE_STRIPPING = YES;
				DEVELOPMENT_ASSET_PATHS = "\"HackStack/Preview Content\"";
				DEVELOPMENT_TEAM = QA84PT9YDZ;
				ENABLE_HARDENED_RUNTIME = YES;
				ENABLE_PREVIEWS = YES;
				GENERATE_INFOPLIST_FILE = YES;
				INFOPLIST_KEY_CFBundleDisplayName = HackStackApp;
				INFOPLIST_KEY_LSApplicationCategoryType = "public.app-category.news";
				INFOPLIST_KEY_NSHumanReadableCopyright = "";
				LD_RUNPATH_SEARCH_PATHS = (
					"$(inherited)",
					"@executable_path/../Frameworks",
				);
				MACOSX_DEPLOYMENT_TARGET = 14.0;
				MARKETING_VERSION = 1.0.0;
				PRODUCT_BUNDLE_IDENTIFIER = dev.tekmint.HackStackApp;
				PRODUCT_NAME = "$(TARGET_NAME)";
				SWIFT_EMIT_LOC_STRINGS = YES;
				SWIFT_VERSION = 5.0;
			};
			name = Debug;
		};
		11E714172CF9FE0400312C8A /* Release */ = {
			isa = XCBuildConfiguration;
			buildSettings = {
				ASSETCATALOG_COMPILER_APPICON_NAME = AppIcon;
				ASSETCATALOG_COMPILER_GLOBAL_ACCENT_COLOR_NAME = AccentColor;
				CODE_SIGN_ENTITLEMENTS = HackStack/HackStack.entitlements;
				"CODE_SIGN_IDENTITY[sdk=macosx*]" = "Apple Development";
				CODE_SIGN_STYLE = Automatic;
				COMBINE_HIDPI_IMAGES = YES;
				CURRENT_PROJECT_VERSION = 20250115002;
				DEAD_CODE_STRIPPING = YES;
				DEVELOPMENT_ASSET_PATHS = "\"HackStack/Preview Content\"";
				DEVELOPMENT_TEAM = QA84PT9YDZ;
				ENABLE_HARDENED_RUNTIME = YES;
				ENABLE_PREVIEWS = YES;
				GENERATE_INFOPLIST_FILE = YES;
				INFOPLIST_KEY_CFBundleDisplayName = HackStackApp;
				INFOPLIST_KEY_LSApplicationCategoryType = "public.app-category.news";
				INFOPLIST_KEY_NSHumanReadableCopyright = "";
				LD_RUNPATH_SEARCH_PATHS = (
					"$(inherited)",
					"@executable_path/../Frameworks",
				);
				MACOSX_DEPLOYMENT_TARGET = 14.0;
				MARKETING_VERSION = 1.0.0;
				PRODUCT_BUNDLE_IDENTIFIER = dev.tekmint.HackStackApp;
				PRODUCT_NAME = "$(TARGET_NAME)";
				SWIFT_EMIT_LOC_STRINGS = YES;
				SWIFT_VERSION = 5.0;
			};
			name = Release;
		};
		11E714192CF9FE0400312C8A /* Debug */ = {
			isa = XCBuildConfiguration;
			buildSettings = {
				BUNDLE_LOADER = "$(TEST_HOST)";
				CODE_SIGN_STYLE = Automatic;
				CURRENT_PROJECT_VERSION = 1;
				DEAD_CODE_STRIPPING = YES;
				DEVELOPMENT_TEAM = QA84PT9YDZ;
				GENERATE_INFOPLIST_FILE = YES;
				MACOSX_DEPLOYMENT_TARGET = 14.0;
				MARKETING_VERSION = 1.0;
				PRODUCT_BUNDLE_IDENTIFIER = com.mailoxy.HackStackTests;
				PRODUCT_NAME = "$(TARGET_NAME)";
				SWIFT_EMIT_LOC_STRINGS = NO;
				SWIFT_VERSION = 5.0;
				TEST_HOST = "$(BUILT_PRODUCTS_DIR)/HackStack.app/$(BUNDLE_EXECUTABLE_FOLDER_PATH)/HackStack";
			};
			name = Debug;
		};
		11E7141A2CF9FE0400312C8A /* Release */ = {
			isa = XCBuildConfiguration;
			buildSettings = {
				BUNDLE_LOADER = "$(TEST_HOST)";
				CODE_SIGN_STYLE = Automatic;
				CURRENT_PROJECT_VERSION = 1;
				DEAD_CODE_STRIPPING = YES;
				DEVELOPMENT_TEAM = QA84PT9YDZ;
				GENERATE_INFOPLIST_FILE = YES;
				MACOSX_DEPLOYMENT_TARGET = 14.0;
				MARKETING_VERSION = 1.0;
				PRODUCT_BUNDLE_IDENTIFIER = com.mailoxy.HackStackTests;
				PRODUCT_NAME = "$(TARGET_NAME)";
				SWIFT_EMIT_LOC_STRINGS = NO;
				SWIFT_VERSION = 5.0;
				TEST_HOST = "$(BUILT_PRODUCTS_DIR)/HackStack.app/$(BUNDLE_EXECUTABLE_FOLDER_PATH)/HackStack";
			};
			name = Release;
		};
		11E7141C2CF9FE0400312C8A /* Debug */ = {
			isa = XCBuildConfiguration;
			buildSettings = {
				CODE_SIGN_STYLE = Automatic;
				CURRENT_PROJECT_VERSION = 1;
				DEAD_CODE_STRIPPING = YES;
				DEVELOPMENT_TEAM = QA84PT9YDZ;
				GENERATE_INFOPLIST_FILE = YES;
				MARKETING_VERSION = 1.0;
				PRODUCT_BUNDLE_IDENTIFIER = com.mailoxy.HackStackUITests;
				PRODUCT_NAME = "$(TARGET_NAME)";
				SWIFT_EMIT_LOC_STRINGS = NO;
				SWIFT_VERSION = 5.0;
				TEST_TARGET_NAME = HackStack;
			};
			name = Debug;
		};
		11E7141D2CF9FE0400312C8A /* Release */ = {
			isa = XCBuildConfiguration;
			buildSettings = {
				CODE_SIGN_STYLE = Automatic;
				CURRENT_PROJECT_VERSION = 1;
				DEAD_CODE_STRIPPING = YES;
				DEVELOPMENT_TEAM = QA84PT9YDZ;
				GENERATE_INFOPLIST_FILE = YES;
				MARKETING_VERSION = 1.0;
				PRODUCT_BUNDLE_IDENTIFIER = com.mailoxy.HackStackUITests;
				PRODUCT_NAME = "$(TARGET_NAME)";
				SWIFT_EMIT_LOC_STRINGS = NO;
				SWIFT_VERSION = 5.0;
				TEST_TARGET_NAME = HackStack;
			};
			name = Release;
		};
/* End XCBuildConfiguration section */

/* Begin XCConfigurationList section */
		11E713E92CF9FE0300312C8A /* Build configuration list for PBXProject "HackStack" */ = {
			isa = XCConfigurationList;
			buildConfigurations = (
				11E714132CF9FE0400312C8A /* Debug */,
				11E714142CF9FE0400312C8A /* Release */,
			);
			defaultConfigurationIsVisible = 0;
			defaultConfigurationName = Release;
		};
		11E714152CF9FE0400312C8A /* Build configuration list for PBXNativeTarget "HackStack" */ = {
			isa = XCConfigurationList;
			buildConfigurations = (
				11E714162CF9FE0400312C8A /* Debug */,
				11E714172CF9FE0400312C8A /* Release */,
			);
			defaultConfigurationIsVisible = 0;
			defaultConfigurationName = Release;
		};
		11E714182CF9FE0400312C8A /* Build configuration list for PBXNativeTarget "HackStackTests" */ = {
			isa = XCConfigurationList;
			buildConfigurations = (
				11E714192CF9FE0400312C8A /* Debug */,
				11E7141A2CF9FE0400312C8A /* Release */,
			);
			defaultConfigurationIsVisible = 0;
			defaultConfigurationName = Release;
		};
		11E7141B2CF9FE0400312C8A /* Build configuration list for PBXNativeTarget "HackStackUITests" */ = {
			isa = XCConfigurationList;
			buildConfigurations = (
				11E7141C2CF9FE0400312C8A /* Debug */,
				11E7141D2CF9FE0400312C8A /* Release */,
			);
			defaultConfigurationIsVisible = 0;
			defaultConfigurationName = Release;
		};
/* End XCConfigurationList section */

/* Begin XCRemoteSwiftPackageReference section */
		11E714682D02308A00312C8A /* XCRemoteSwiftPackageReference "SwiftSoup" */ = {
			isa = XCRemoteSwiftPackageReference;
			repositoryURL = "https://github.com/scinfu/SwiftSoup.git";
			requirement = {
				kind = upToNextMajorVersion;
				minimumVersion = 2.7.5;
			};
		};
/* End XCRemoteSwiftPackageReference section */

/* Begin XCSwiftPackageProductDependency section */
		11E7146B2D0232A900312C8A /* SwiftSoup */ = {
			isa = XCSwiftPackageProductDependency;
			package = 11E714682D02308A00312C8A /* XCRemoteSwiftPackageReference "SwiftSoup" */;
			productName = SwiftSoup;
		};
/* End XCSwiftPackageProductDependency section */
	};
	rootObject = 11E713E62CF9FE0300312C8A /* Project object */;
}
